// !$*UTF8*$!
{
	archiveVersion = 1;
	classes = {
	};
	objectVersion = 46;
	objects = {

/* Begin PBXBuildFile section */
		ED06073F1AFEF435002DBE28 /* main.m in Sources */ = {isa = PBXBuildFile; fileRef = ED06073E1AFEF435002DBE28 /* main.m */; };
		ED0607421AFEF435002DBE28 /* AppDelegate.m in Sources */ = {isa = PBXBuildFile; fileRef = ED0607411AFEF435002DBE28 /* AppDelegate.m */; };
		ED0607451AFEF435002DBE28 /* ViewController.m in Sources */ = {isa = PBXBuildFile; fileRef = ED0607441AFEF435002DBE28 /* ViewController.m */; };
		ED0607481AFEF435002DBE28 /* Main.storyboard in Resources */ = {isa = PBXBuildFile; fileRef = ED0607461AFEF435002DBE28 /* Main.storyboard */; };
		ED06074A1AFEF435002DBE28 /* Images.xcassets in Resources */ = {isa = PBXBuildFile; fileRef = ED0607491AFEF435002DBE28 /* Images.xcassets */; };
		ED06074D1AFEF435002DBE28 /* LaunchScreen.xib in Resources */ = {isa = PBXBuildFile; fileRef = ED06074B1AFEF435002DBE28 /* LaunchScreen.xib */; };
		ED0607591AFEF436002DBE28 /* test2Tests.m in Sources */ = {isa = PBXBuildFile; fileRef = ED0607581AFEF436002DBE28 /* test2Tests.m */; };
		ED0607641AFEF764002DBE28 /* ChatClientViewController.m in Sources */ = {isa = PBXBuildFile; fileRef = ED0607631AFEF764002DBE28 /* ChatClientViewController.m */; };
/* End PBXBuildFile section */

/* Begin PBXContainerItemProxy section */
		ED0607531AFEF436002DBE28 /* PBXContainerItemProxy */ = {
			isa = PBXContainerItemProxy;
			containerPortal = ED0607311AFEF435002DBE28 /* Project object */;
			proxyType = 1;
			remoteGlobalIDString = ED0607381AFEF435002DBE28;
			remoteInfo = test2;
		};
/* End PBXContainerItemProxy section */

/* Begin PBXFileReference section */
		ED0607391AFEF435002DBE28 /* test2.app */ = {isa = PBXFileReference; explicitFileType = wrapper.application; includeInIndex = 0; path = test2.app; sourceTree = BUILT_PRODUCTS_DIR; };
		ED06073D1AFEF435002DBE28 /* Info.plist */ = {isa = PBXFileReference; lastKnownFileType = text.plist.xml; path = Info.plist; sourceTree = "<group>"; };
		ED06073E1AFEF435002DBE28 /* main.m */ = {isa = PBXFileReference; lastKnownFileType = sourcecode.c.objc; path = main.m; sourceTree = "<group>"; };
		ED0607401AFEF435002DBE28 /* AppDelegate.h */ = {isa = PBXFileReference; lastKnownFileType = sourcecode.c.h; path = AppDelegate.h; sourceTree = "<group>"; };
		ED0607411AFEF435002DBE28 /* AppDelegate.m */ = {isa = PBXFileReference; lastKnownFileType = sourcecode.c.objc; path = AppDelegate.m; sourceTree = "<group>"; };
		ED0607431AFEF435002DBE28 /* ViewController.h */ = {isa = PBXFileReference; lastKnownFileType = sourcecode.c.h; path = ViewController.h; sourceTree = "<group>"; };
		ED0607441AFEF435002DBE28 /* ViewController.m */ = {isa = PBXFileReference; lastKnownFileType = sourcecode.c.objc; path = ViewController.m; sourceTree = "<group>"; };
		ED0607471AFEF435002DBE28 /* Base */ = {isa = PBXFileReference; lastKnownFileType = file.storyboard; name = Base; path = Base.lproj/Main.storyboard; sourceTree = "<group>"; };
		ED0607491AFEF435002DBE28 /* Images.xcassets */ = {isa = PBXFileReference; lastKnownFileType = folder.assetcatalog; path = Images.xcassets; sourceTree = "<group>"; };
		ED06074C1AFEF435002DBE28 /* Base */ = {isa = PBXFileReference; lastKnownFileType = file.xib; name = Base; path = Base.lproj/LaunchScreen.xib; sourceTree = "<group>"; };
		ED0607521AFEF436002DBE28 /* test2Tests.xctest */ = {isa = PBXFileReference; explicitFileType = wrapper.cfbundle; includeInIndex = 0; path = test2Tests.xctest; sourceTree = BUILT_PRODUCTS_DIR; };
		ED0607571AFEF436002DBE28 /* Info.plist */ = {isa = PBXFileReference; lastKnownFileType = text.plist.xml; path = Info.plist; sourceTree = "<group>"; };
		ED0607581AFEF436002DBE28 /* test2Tests.m */ = {isa = PBXFileReference; lastKnownFileType = sourcecode.c.objc; path = test2Tests.m; sourceTree = "<group>"; };
		ED0607621AFEF764002DBE28 /* ChatClientViewController.h */ = {isa = PBXFileReference; fileEncoding = 4; lastKnownFileType = sourcecode.c.h; path = ChatClientViewController.h; sourceTree = "<group>"; };
		ED0607631AFEF764002DBE28 /* ChatClientViewController.m */ = {isa = PBXFileReference; fileEncoding = 4; lastKnownFileType = sourcecode.c.objc; path = ChatClientViewController.m; sourceTree = "<group>"; };
/* End PBXFileReference section */

/* Begin PBXFrameworksBuildPhase section */
		ED0607361AFEF435002DBE28 /* Frameworks */ = {
			isa = PBXFrameworksBuildPhase;
			buildActionMask = 2147483647;
			files = (
			);
			runOnlyForDeploymentPostprocessing = 0;
		};
		ED06074F1AFEF436002DBE28 /* Frameworks */ = {
			isa = PBXFrameworksBuildPhase;
			buildActionMask = 2147483647;
			files = (
			);
			runOnlyForDeploymentPostprocessing = 0;
		};
/* End PBXFrameworksBuildPhase section */

/* Begin PBXGroup section */
		ED0607301AFEF435002DBE28 = {
			isa = PBXGroup;
			children = (
				ED06073B1AFEF435002DBE28 /* test2 */,
				ED0607551AFEF436002DBE28 /* test2Tests */,
				ED06073A1AFEF435002DBE28 /* Products */,
			);
			sourceTree = "<group>";
		};
		ED06073A1AFEF435002DBE28 /* Products */ = {
			isa = PBXGroup;
			children = (
				ED0607391AFEF435002DBE28 /* test2.app */,
				ED0607521AFEF436002DBE28 /* test2Tests.xctest */,
			);
			name = Products;
			sourceTree = "<group>";
		};
		ED06073B1AFEF435002DBE28 /* test2 */ = {
			isa = PBXGroup;
			children = (
				ED0607401AFEF435002DBE28 /* AppDelegate.h */,
				ED0607411AFEF435002DBE28 /* AppDelegate.m */,
				ED0607431AFEF435002DBE28 /* ViewController.h */,
				ED0607441AFEF435002DBE28 /* ViewController.m */,
				ED0607461AFEF435002DBE28 /* Main.storyboard */,
				ED0607621AFEF764002DBE28 /* ChatClientViewController.h */,
				ED0607631AFEF764002DBE28 /* ChatClientViewController.m */,
				ED0607491AFEF435002DBE28 /* Images.xcassets */,
				ED06074B1AFEF435002DBE28 /* LaunchScreen.xib */,
				ED06073C1AFEF435002DBE28 /* Supporting Files */,
			);
			path = test2;
			sourceTree = "<group>";
		};
		ED06073C1AFEF435002DBE28 /* Supporting Files */ = {
			isa = PBXGroup;
			children = (
				ED06073D1AFEF435002DBE28 /* Info.plist */,
				ED06073E1AFEF435002DBE28 /* main.m */,
			);
			name = "Supporting Files";
			sourceTree = "<group>";
		};
		ED0607551AFEF436002DBE28 /* test2Tests */ = {
			isa = PBXGroup;
			children = (
				ED0607581AFEF436002DBE28 /* test2Tests.m */,
				ED0607561AFEF436002DBE28 /* Supporting Files */,
			);
			path = test2Tests;
			sourceTree = "<group>";
		};
		ED0607561AFEF436002DBE28 /* Supporting Files */ = {
			isa = PBXGroup;
			children = (
				ED0607571AFEF436002DBE28 /* Info.plist */,
			);
			name = "Supporting Files";
			sourceTree = "<group>";
		};
/* End PBXGroup section */

/* Begin PBXNativeTarget section */
		ED0607381AFEF435002DBE28 /* test2 */ = {
			isa = PBXNativeTarget;
			buildConfigurationList = ED06075C1AFEF436002DBE28 /* Build configuration list for PBXNativeTarget "test2" */;
			buildPhases = (
				ED0607351AFEF435002DBE28 /* Sources */,
				ED0607361AFEF435002DBE28 /* Frameworks */,
				ED0607371AFEF435002DBE28 /* Resources */,
			);
			buildRules = (
			);
			dependencies = (
			);
			name = test2;
			productName = test2;
			productReference = ED0607391AFEF435002DBE28 /* test2.app */;
			productType = "com.apple.product-type.application";
		};
		ED0607511AFEF436002DBE28 /* test2Tests */ = {
			isa = PBXNativeTarget;
			buildConfigurationList = ED06075F1AFEF436002DBE28 /* Build configuration list for PBXNativeTarget "test2Tests" */;
			buildPhases = (
				ED06074E1AFEF436002DBE28 /* Sources */,
				ED06074F1AFEF436002DBE28 /* Frameworks */,
				ED0607501AFEF436002DBE28 /* Resources */,
			);
			buildRules = (
			);
			dependencies = (
				ED0607541AFEF436002DBE28 /* PBXTargetDependency */,
			);
			name = test2Tests;
			productName = test2Tests;
			productReference = ED0607521AFEF436002DBE28 /* test2Tests.xctest */;
			productType = "com.apple.product-type.bundle.unit-test";
		};
/* End PBXNativeTarget section */

/* Begin PBXProject section */
		ED0607311AFEF435002DBE28 /* Project object */ = {
			isa = PBXProject;
			attributes = {
				LastUpgradeCheck = 0630;
				ORGANIZATIONNAME = "wei wei";
				TargetAttributes = {
					ED0607381AFEF435002DBE28 = {
						CreatedOnToolsVersion = 6.3.1;
					};
					ED0607511AFEF436002DBE28 = {
						CreatedOnToolsVersion = 6.3.1;
						TestTargetID = ED0607381AFEF435002DBE28;
					};
				};
			};
			buildConfigurationList = ED0607341AFEF435002DBE28 /* Build configuration list for PBXProject "test2" */;
			compatibilityVersion = "Xcode 3.2";
			developmentRegion = English;
			hasScannedForEncodings = 0;
			knownRegions = (
				en,
				Base,
			);
			mainGroup = ED0607301AFEF435002DBE28;
			productRefGroup = ED06073A1AFEF435002DBE28 /* Products */;
			projectDirPath = "";
			projectRoot = "";
			targets = (
				ED0607381AFEF435002DBE28 /* test2 */,
				ED0607511AFEF436002DBE28 /* test2Tests */,
			);
		};
/* End PBXProject section */

/* Begin PBXResourcesBuildPhase section */
		ED0607371AFEF435002DBE28 /* Resources */ = {
			isa = PBXResourcesBuildPhase;
			buildActionMask = 2147483647;
			files = (
				ED0607481AFEF435002DBE28 /* Main.storyboard in Resources */,
				ED06074D1AFEF435002DBE28 /* LaunchScreen.xib in Resources */,
				ED06074A1AFEF435002DBE28 /* Images.xcassets in Resources */,
			);
			runOnlyForDeploymentPostprocessing = 0;
		};
		ED0607501AFEF436002DBE28 /* Resources */ = {
			isa = PBXResourcesBuildPhase;
			buildActionMask = 2147483647;
			files = (
			);
			runOnlyForDeploymentPostprocessing = 0;
		};
/* End PBXResourcesBuildPhase section */

/* Begin PBXSourcesBuildPhase section */
		ED0607351AFEF435002DBE28 /* Sources */ = {
			isa = PBXSourcesBuildPhase;
			buildActionMask = 2147483647;
			files = (
				ED0607451AFEF435002DBE28 /* ViewController.m in Sources */,
				ED0607421AFEF435002DBE28 /* AppDelegate.m in Sources */,
				ED06073F1AFEF435002DBE28 /* main.m in Sources */,
				ED0607641AFEF764002DBE28 /* ChatClientViewController.m in Sources */,
			);
			runOnlyForDeploymentPostprocessing = 0;
		};
		ED06074E1AFEF436002DBE28 /* Sources */ = {
			isa = PBXSourcesBuildPhase;
			buildActionMask = 2147483647;
			files = (
				ED0607591AFEF436002DBE28 /* test2Tests.m in Sources */,
			);
			runOnlyForDeploymentPostprocessing = 0;
		};
/* End PBXSourcesBuildPhase section */

/* Begin PBXTargetDependency section */
		ED0607541AFEF436002DBE28 /* PBXTargetDependency */ = {
			isa = PBXTargetDependency;
			target = ED0607381AFEF435002DBE28 /* test2 */;
			targetProxy = ED0607531AFEF436002DBE28 /* PBXContainerItemProxy */;
		};
/* End PBXTargetDependency section */

/* Begin PBXVariantGroup section */
		ED0607461AFEF435002DBE28 /* Main.storyboard */ = {
			isa = PBXVariantGroup;
			children = (
				ED0607471AFEF435002DBE28 /* Base */,
			);
			name = Main.storyboard;
			sourceTree = "<group>";
		};
		ED06074B1AFEF435002DBE28 /* LaunchScreen.xib */ = {
			isa = PBXVariantGroup;
			children = (
				ED06074C1AFEF435002DBE28 /* Base */,
			);
			name = LaunchScreen.xib;
			sourceTree = "<group>";
		};
/* End PBXVariantGroup section */

/* Begin XCBuildConfiguration section */
		ED06075A1AFEF436002DBE28 /* Debug */ = {
			isa = XCBuildConfiguration;
			buildSettings = {
				ALWAYS_SEARCH_USER_PATHS = NO;
				CLANG_CXX_LANGUAGE_STANDARD = "gnu++0x";
				CLANG_CXX_LIBRARY = "libc++";
				CLANG_ENABLE_MODULES = YES;
				CLANG_ENABLE_OBJC_ARC = YES;
				CLANG_WARN_BOOL_CONVERSION = YES;
				CLANG_WARN_CONSTANT_CONVERSION = YES;
				CLANG_WARN_DIRECT_OBJC_ISA_USAGE = YES_ERROR;
				CLANG_WARN_EMPTY_BODY = YES;
				CLANG_WARN_ENUM_CONVERSION = YES;
				CLANG_WARN_INT_CONVERSION = YES;
				CLANG_WARN_OBJC_ROOT_CLASS = YES_ERROR;
				CLANG_WARN_UNREACHABLE_CODE = YES;
				CLANG_WARN__DUPLICATE_METHOD_MATCH = YES;
				"CODE_SIGN_IDENTITY[sdk=iphoneos*]" = "iPhone Developer";
				COPY_PHASE_STRIP = NO;
				DEBUG_INFORMATION_FORMAT = "dwarf-with-dsym";
				ENABLE_STRICT_OBJC_MSGSEND = YES;
				GCC_C_LANGUAGE_STANDARD = gnu99;
				GCC_DYNAMIC_NO_PIC = NO;
				GCC_NO_COMMON_BLOCKS = YES;
				GCC_OPTIMIZATION_LEVEL = 0;
				GCC_PREPROCESSOR_DEFINITIONS = (
					"DEBUG=1",
					"$(inherited)",
				);
				GCC_SYMBOLS_PRIVATE_EXTERN = NO;
				GCC_WARN_64_TO_32_BIT_CONVERSION = YES;
				GCC_WARN_ABOUT_RETURN_TYPE = YES_ERROR;
				GCC_WARN_UNDECLARED_SELECTOR = YES;
				GCC_WARN_UNINITIALIZED_AUTOS = YES_AGGRESSIVE;
				GCC_WARN_UNUSED_FUNCTION = YES;
				GCC_WARN_UNUSED_VARIABLE = YES;
				IPHONEOS_DEPLOYMENT_TARGET = 8.3;
				MTL_ENABLE_DEBUG_INFO = YES;
				ONLY_ACTIVE_ARCH = YES;
				SDKROOT = iphoneos;
				TARGETED_DEVICE_FAMILY = "1,2";
			};
			name = Debug;
		};
		ED06075B1AFEF436002DBE28 /* Release */ = {
			isa = XCBuildConfiguration;
			buildSettings = {
				ALWAYS_SEARCH_USER_PATHS = NO;
				CLANG_CXX_LANGUAGE_STANDARD = "gnu++0x";
				CLANG_CXX_LIBRARY = "libc++";
				CLANG_ENABLE_MODULES = YES;
				CLANG_ENABLE_OBJC_ARC = YES;
				CLANG_WARN_BOOL_CONVERSION = YES;
				CLANG_WARN_CONSTANT_CONVERSION = YES;
				CLANG_WARN_DIRECT_OBJC_ISA_USAGE = YES_ERROR;
				CLANG_WARN_EMPTY_BODY = YES;
				CLANG_WARN_ENUM_CONVERSION = YES;
				CLANG_WARN_INT_CONVERSION = YES;
				CLANG_WARN_OBJC_ROOT_CLASS = YES_ERROR;
				CLANG_WARN_UNREACHABLE_CODE = YES;
				CLANG_WARN__DUPLICATE_METHOD_MATCH = YES;
				"CODE_SIGN_IDENTITY[sdk=iphoneos*]" = "iPhone Developer";
				COPY_PHASE_STRIP = NO;
				DEBUG_INFORMATION_FORMAT = "dwarf-with-dsym";
				ENABLE_NS_ASSERTIONS = NO;
				ENABLE_STRICT_OBJC_MSGSEND = YES;
				GCC_C_LANGUAGE_STANDARD = gnu99;
				GCC_NO_COMMON_BLOCKS = YES;
				GCC_WARN_64_TO_32_BIT_CONVERSION = YES;
				GCC_WARN_ABOUT_RETURN_TYPE = YES_ERROR;
				GCC_WARN_UNDECLARED_SELECTOR = YES;
				GCC_WARN_UNINITIALIZED_AUTOS = YES_AGGRESSIVE;
				GCC_WARN_UNUSED_FUNCTION = YES;
				GCC_WARN_UNUSED_VARIABLE = YES;
				IPHONEOS_DEPLOYMENT_TARGET = 8.3;
				MTL_ENABLE_DEBUG_INFO = NO;
				SDKROOT = iphoneos;
				TARGETED_DEVICE_FAMILY = "1,2";
				VALIDATE_PRODUCT = YES;
			};
			name = Release;
		};
		ED06075D1AFEF436002DBE28 /* Debug */ = {
			isa = XCBuildConfiguration;
			buildSettings = {
				ASSETCATALOG_COMPILER_APPICON_NAME = AppIcon;
				INFOPLIST_FILE = test2/Info.plist;
				LD_RUNPATH_SEARCH_PATHS = "$(inherited) @executable_path/Frameworks";
				PRODUCT_NAME = "$(TARGET_NAME)";
			};
			name = Debug;
		};
		ED06075E1AFEF436002DBE28 /* Release */ = {
			isa = XCBuildConfiguration;
			buildSettings = {
				ASSETCATALOG_COMPILER_APPICON_NAME = AppIcon;
				INFOPLIST_FILE = test2/Info.plist;
				LD_RUNPATH_SEARCH_PATHS = "$(inherited) @executable_path/Frameworks";
				PRODUCT_NAME = "$(TARGET_NAME)";
			};
			name = Release;
		};
		ED0607601AFEF436002DBE28 /* Debug */ = {
			isa = XCBuildConfiguration;
			buildSettings = {
				BUNDLE_LOADER = "$(TEST_HOST)";
				FRAMEWORK_SEARCH_PATHS = (
					"$(SDKROOT)/Developer/Library/Frameworks",
					"$(inherited)",
				);
				GCC_PREPROCESSOR_DEFINITIONS = (
					"DEBUG=1",
					"$(inherited)",
				);
				INFOPLIST_FILE = test2Tests/Info.plist;
				LD_RUNPATH_SEARCH_PATHS = "$(inherited) @executable_path/Frameworks @loader_path/Frameworks";
				PRODUCT_NAME = "$(TARGET_NAME)";
				TEST_HOST = "$(BUILT_PRODUCTS_DIR)/test2.app/test2";
			};
			name = Debug;
		};
		ED0607611AFEF436002DBE28 /* Release */ = {
			isa = XCBuildConfiguration;
			buildSettings = {
				BUNDLE_LOADER = "$(TEST_HOST)";
				FRAMEWORK_SEARCH_PATHS = (
					"$(SDKROOT)/Developer/Library/Frameworks",
					"$(inherited)",
				);
				INFOPLIST_FILE = test2Tests/Info.plist;
				LD_RUNPATH_SEARCH_PATHS = "$(inherited) @executable_path/Frameworks @loader_path/Frameworks";
				PRODUCT_NAME = "$(TARGET_NAME)";
				TEST_HOST = "$(BUILT_PRODUCTS_DIR)/test2.app/test2";
			};
			name = Release;
		};
/* End XCBuildConfiguration section */

/* Begin XCConfigurationList section */
		ED0607341AFEF435002DBE28 /* Build configuration list for PBXProject "test2" */ = {
			isa = XCConfigurationList;
			buildConfigurations = (
				ED06075A1AFEF436002DBE28 /* Debug */,
				ED06075B1AFEF436002DBE28 /* Release */,
			);
			defaultConfigurationIsVisible = 0;
			defaultConfigurationName = Release;
		};
		ED06075C1AFEF436002DBE28 /* Build configuration list for PBXNativeTarget "test2" */ = {
			isa = XCConfigurationList;
			buildConfigurations = (
				ED06075D1AFEF436002DBE28 /* Debug */,
				ED06075E1AFEF436002DBE28 /* Release */,
			);
			defaultConfigurationIsVisible = 0;
		};
		ED06075F1AFEF436002DBE28 /* Build configuration list for PBXNativeTarget "test2Tests" */ = {
			isa = XCConfigurationList;
			buildConfigurations = (
				ED0607601AFEF436002DBE28 /* Debug */,
				ED0607611AFEF436002DBE28 /* Release */,
			);
			defaultConfigurationIsVisible = 0;
		};
/* End XCConfigurationList section */
	};
	rootObject = ED0607311AFEF435002DBE28 /* Project object */;
}
