// !$*UTF8*$!
{
	archiveVersion = 1;
	classes = {
	};
	objectVersion = 46;
	objects = {

/* Begin PBXBuildFile section */
		09D54BF01AFECC5300FAA178 /* main.m in Sources */ = {isa = PBXBuildFile; fileRef = 09D54BEF1AFECC5300FAA178 /* main.m */; };
		09D54BF31AFECC5300FAA178 /* AppDelegate.m in Sources */ = {isa = PBXBuildFile; fileRef = 09D54BF21AFECC5300FAA178 /* AppDelegate.m */; };
		09D54BF61AFECC5300FAA178 /* ViewController.m in Sources */ = {isa = PBXBuildFile; fileRef = 09D54BF51AFECC5300FAA178 /* ViewController.m */; };
		09D54BF91AFECC5300FAA178 /* Main.storyboard in Resources */ = {isa = PBXBuildFile; fileRef = 09D54BF71AFECC5300FAA178 /* Main.storyboard */; };
		09D54BFB1AFECC5300FAA178 /* Images.xcassets in Resources */ = {isa = PBXBuildFile; fileRef = 09D54BFA1AFECC5300FAA178 /* Images.xcassets */; };
		09D54BFE1AFECC5300FAA178 /* LaunchScreen.xib in Resources */ = {isa = PBXBuildFile; fileRef = 09D54BFC1AFECC5300FAA178 /* LaunchScreen.xib */; };
		09D54C0A1AFECC5300FAA178 /* airfareTests.m in Sources */ = {isa = PBXBuildFile; fileRef = 09D54C091AFECC5300FAA178 /* airfareTests.m */; };
/* End PBXBuildFile section */

/* Begin PBXContainerItemProxy section */
		09D54C041AFECC5300FAA178 /* PBXContainerItemProxy */ = {
			isa = PBXContainerItemProxy;
			containerPortal = 09D54BE21AFECC5300FAA178 /* Project object */;
			proxyType = 1;
			remoteGlobalIDString = 09D54BE91AFECC5300FAA178;
			remoteInfo = airfare;
		};
/* End PBXContainerItemProxy section */

/* Begin PBXFileReference section */
		09D54BEA1AFECC5300FAA178 /* airfare.app */ = {isa = PBXFileReference; explicitFileType = wrapper.application; includeInIndex = 0; path = airfare.app; sourceTree = BUILT_PRODUCTS_DIR; };
		09D54BEE1AFECC5300FAA178 /* Info.plist */ = {isa = PBXFileReference; lastKnownFileType = text.plist.xml; path = Info.plist; sourceTree = "<group>"; };
		09D54BEF1AFECC5300FAA178 /* main.m */ = {isa = PBXFileReference; lastKnownFileType = sourcecode.c.objc; path = main.m; sourceTree = "<group>"; };
		09D54BF11AFECC5300FAA178 /* AppDelegate.h */ = {isa = PBXFileReference; lastKnownFileType = sourcecode.c.h; path = AppDelegate.h; sourceTree = "<group>"; };
		09D54BF21AFECC5300FAA178 /* AppDelegate.m */ = {isa = PBXFileReference; lastKnownFileType = sourcecode.c.objc; path = AppDelegate.m; sourceTree = "<group>"; };
		09D54BF41AFECC5300FAA178 /* ViewController.h */ = {isa = PBXFileReference; lastKnownFileType = sourcecode.c.h; path = ViewController.h; sourceTree = "<group>"; };
		09D54BF51AFECC5300FAA178 /* ViewController.m */ = {isa = PBXFileReference; lastKnownFileType = sourcecode.c.objc; path = ViewController.m; sourceTree = "<group>"; };
		09D54BF81AFECC5300FAA178 /* Base */ = {isa = PBXFileReference; lastKnownFileType = file.storyboard; name = Base; path = Base.lproj/Main.storyboard; sourceTree = "<group>"; };
		09D54BFA1AFECC5300FAA178 /* Images.xcassets */ = {isa = PBXFileReference; lastKnownFileType = folder.assetcatalog; path = Images.xcassets; sourceTree = "<group>"; };
		09D54BFD1AFECC5300FAA178 /* Base */ = {isa = PBXFileReference; lastKnownFileType = file.xib; name = Base; path = Base.lproj/LaunchScreen.xib; sourceTree = "<group>"; };
		09D54C031AFECC5300FAA178 /* airfareTests.xctest */ = {isa = PBXFileReference; explicitFileType = wrapper.cfbundle; includeInIndex = 0; path = airfareTests.xctest; sourceTree = BUILT_PRODUCTS_DIR; };
		09D54C081AFECC5300FAA178 /* Info.plist */ = {isa = PBXFileReference; lastKnownFileType = text.plist.xml; path = Info.plist; sourceTree = "<group>"; };
		09D54C091AFECC5300FAA178 /* airfareTests.m */ = {isa = PBXFileReference; lastKnownFileType = sourcecode.c.objc; path = airfareTests.m; sourceTree = "<group>"; };
/* End PBXFileReference section */

/* Begin PBXFrameworksBuildPhase section */
		09D54BE71AFECC5300FAA178 /* Frameworks */ = {
			isa = PBXFrameworksBuildPhase;
			buildActionMask = 2147483647;
			files = (
			);
			runOnlyForDeploymentPostprocessing = 0;
		};
		09D54C001AFECC5300FAA178 /* Frameworks */ = {
			isa = PBXFrameworksBuildPhase;
			buildActionMask = 2147483647;
			files = (
			);
			runOnlyForDeploymentPostprocessing = 0;
		};
/* End PBXFrameworksBuildPhase section */

/* Begin PBXGroup section */
		09D54BE11AFECC5300FAA178 = {
			isa = PBXGroup;
			children = (
				09D54BEC1AFECC5300FAA178 /* airfare */,
				09D54C061AFECC5300FAA178 /* airfareTests */,
				09D54BEB1AFECC5300FAA178 /* Products */,
			);
			sourceTree = "<group>";
		};
		09D54BEB1AFECC5300FAA178 /* Products */ = {
			isa = PBXGroup;
			children = (
				09D54BEA1AFECC5300FAA178 /* airfare.app */,
				09D54C031AFECC5300FAA178 /* airfareTests.xctest */,
			);
			name = Products;
			sourceTree = "<group>";
		};
		09D54BEC1AFECC5300FAA178 /* airfare */ = {
			isa = PBXGroup;
			children = (
				09D54BF11AFECC5300FAA178 /* AppDelegate.h */,
				09D54BF21AFECC5300FAA178 /* AppDelegate.m */,
				09D54BF41AFECC5300FAA178 /* ViewController.h */,
				09D54BF51AFECC5300FAA178 /* ViewController.m */,
				09D54BF71AFECC5300FAA178 /* Main.storyboard */,
				09D54BFA1AFECC5300FAA178 /* Images.xcassets */,
				09D54BFC1AFECC5300FAA178 /* LaunchScreen.xib */,
				09D54BED1AFECC5300FAA178 /* Supporting Files */,
			);
			path = airfare;
			sourceTree = "<group>";
		};
		09D54BED1AFECC5300FAA178 /* Supporting Files */ = {
			isa = PBXGroup;
			children = (
				09D54BEE1AFECC5300FAA178 /* Info.plist */,
				09D54BEF1AFECC5300FAA178 /* main.m */,
			);
			name = "Supporting Files";
			sourceTree = "<group>";
		};
		09D54C061AFECC5300FAA178 /* airfareTests */ = {
			isa = PBXGroup;
			children = (
				09D54C091AFECC5300FAA178 /* airfareTests.m */,
				09D54C071AFECC5300FAA178 /* Supporting Files */,
			);
			path = airfareTests;
			sourceTree = "<group>";
		};
		09D54C071AFECC5300FAA178 /* Supporting Files */ = {
			isa = PBXGroup;
			children = (
				09D54C081AFECC5300FAA178 /* Info.plist */,
			);
			name = "Supporting Files";
			sourceTree = "<group>";
		};
/* End PBXGroup section */

/* Begin PBXNativeTarget section */
		09D54BE91AFECC5300FAA178 /* airfare */ = {
			isa = PBXNativeTarget;
			buildConfigurationList = 09D54C0D1AFECC5300FAA178 /* Build configuration list for PBXNativeTarget "airfare" */;
			buildPhases = (
				09D54BE61AFECC5300FAA178 /* Sources */,
				09D54BE71AFECC5300FAA178 /* Frameworks */,
				09D54BE81AFECC5300FAA178 /* Resources */,
			);
			buildRules = (
			);
			dependencies = (
			);
			name = airfare;
			productName = airfare;
			productReference = 09D54BEA1AFECC5300FAA178 /* airfare.app */;
			productType = "com.apple.product-type.application";
		};
		09D54C021AFECC5300FAA178 /* airfareTests */ = {
			isa = PBXNativeTarget;
			buildConfigurationList = 09D54C101AFECC5300FAA178 /* Build configuration list for PBXNativeTarget "airfareTests" */;
			buildPhases = (
				09D54BFF1AFECC5300FAA178 /* Sources */,
				09D54C001AFECC5300FAA178 /* Frameworks */,
				09D54C011AFECC5300FAA178 /* Resources */,
			);
			buildRules = (
			);
			dependencies = (
				09D54C051AFECC5300FAA178 /* PBXTargetDependency */,
			);
			name = airfareTests;
			productName = airfareTests;
			productReference = 09D54C031AFECC5300FAA178 /* airfareTests.xctest */;
			productType = "com.apple.product-type.bundle.unit-test";
		};
/* End PBXNativeTarget section */

/* Begin PBXProject section */
		09D54BE21AFECC5300FAA178 /* Project object */ = {
			isa = PBXProject;
			attributes = {
				LastUpgradeCheck = 0630;
				ORGANIZATIONNAME = "Jing Lin";
				TargetAttributes = {
					09D54BE91AFECC5300FAA178 = {
						CreatedOnToolsVersion = 6.3.1;
					};
					09D54C021AFECC5300FAA178 = {
						CreatedOnToolsVersion = 6.3.1;
						TestTargetID = 09D54BE91AFECC5300FAA178;
					};
				};
			};
			buildConfigurationList = 09D54BE51AFECC5300FAA178 /* Build configuration list for PBXProject "airfare" */;
			compatibilityVersion = "Xcode 3.2";
			developmentRegion = English;
			hasScannedForEncodings = 0;
			knownRegions = (
				en,
				Base,
			);
			mainGroup = 09D54BE11AFECC5300FAA178;
			productRefGroup = 09D54BEB1AFECC5300FAA178 /* Products */;
			projectDirPath = "";
			projectRoot = "";
			targets = (
				09D54BE91AFECC5300FAA178 /* airfare */,
				09D54C021AFECC5300FAA178 /* airfareTests */,
			);
		};
/* End PBXProject section */

/* Begin PBXResourcesBuildPhase section */
		09D54BE81AFECC5300FAA178 /* Resources */ = {
			isa = PBXResourcesBuildPhase;
			buildActionMask = 2147483647;
			files = (
				09D54BF91AFECC5300FAA178 /* Main.storyboard in Resources */,
				09D54BFE1AFECC5300FAA178 /* LaunchScreen.xib in Resources */,
				09D54BFB1AFECC5300FAA178 /* Images.xcassets in Resources */,
			);
			runOnlyForDeploymentPostprocessing = 0;
		};
		09D54C011AFECC5300FAA178 /* Resources */ = {
			isa = PBXResourcesBuildPhase;
			buildActionMask = 2147483647;
			files = (
			);
			runOnlyForDeploymentPostprocessing = 0;
		};
/* End PBXResourcesBuildPhase section */

/* Begin PBXSourcesBuildPhase section */
		09D54BE61AFECC5300FAA178 /* Sources */ = {
			isa = PBXSourcesBuildPhase;
			buildActionMask = 2147483647;
			files = (
				09D54BF61AFECC5300FAA178 /* ViewController.m in Sources */,
				09D54BF31AFECC5300FAA178 /* AppDelegate.m in Sources */,
				09D54BF01AFECC5300FAA178 /* main.m in Sources */,
			);
			runOnlyForDeploymentPostprocessing = 0;
		};
		09D54BFF1AFECC5300FAA178 /* Sources */ = {
			isa = PBXSourcesBuildPhase;
			buildActionMask = 2147483647;
			files = (
				09D54C0A1AFECC5300FAA178 /* airfareTests.m in Sources */,
			);
			runOnlyForDeploymentPostprocessing = 0;
		};
/* End PBXSourcesBuildPhase section */

/* Begin PBXTargetDependency section */
		09D54C051AFECC5300FAA178 /* PBXTargetDependency */ = {
			isa = PBXTargetDependency;
			target = 09D54BE91AFECC5300FAA178 /* airfare */;
			targetProxy = 09D54C041AFECC5300FAA178 /* PBXContainerItemProxy */;
		};
/* End PBXTargetDependency section */

/* Begin PBXVariantGroup section */
		09D54BF71AFECC5300FAA178 /* Main.storyboard */ = {
			isa = PBXVariantGroup;
			children = (
				09D54BF81AFECC5300FAA178 /* Base */,
			);
			name = Main.storyboard;
			sourceTree = "<group>";
		};
		09D54BFC1AFECC5300FAA178 /* LaunchScreen.xib */ = {
			isa = PBXVariantGroup;
			children = (
				09D54BFD1AFECC5300FAA178 /* Base */,
			);
			name = LaunchScreen.xib;
			sourceTree = "<group>";
		};
/* End PBXVariantGroup section */

/* Begin XCBuildConfiguration section */
		09D54C0B1AFECC5300FAA178 /* Debug */ = {
			isa = XCBuildConfiguration;
			buildSettings = {
				ALWAYS_SEARCH_USER_PATHS = NO;
				CLANG_CXX_LANGUAGE_STANDARD = "gnu++0x";
				CLANG_CXX_LIBRARY = "libc++";
				CLANG_ENABLE_MODULES = YES;
				CLANG_ENABLE_OBJC_ARC = YES;
				CLANG_WARN_BOOL_CONVERSION = YES;
				CLANG_WARN_CONSTANT_CONVERSION = YES;
				CLANG_WARN_DIRECT_OBJC_ISA_USAGE = YES_ERROR;
				CLANG_WARN_EMPTY_BODY = YES;
				CLANG_WARN_ENUM_CONVERSION = YES;
				CLANG_WARN_INT_CONVERSION = YES;
				CLANG_WARN_OBJC_ROOT_CLASS = YES_ERROR;
				CLANG_WARN_UNREACHABLE_CODE = YES;
				CLANG_WARN__DUPLICATE_METHOD_MATCH = YES;
				"CODE_SIGN_IDENTITY[sdk=iphoneos*]" = "iPhone Developer";
				COPY_PHASE_STRIP = NO;
				DEBUG_INFORMATION_FORMAT = "dwarf-with-dsym";
				ENABLE_STRICT_OBJC_MSGSEND = YES;
				GCC_C_LANGUAGE_STANDARD = gnu99;
				GCC_DYNAMIC_NO_PIC = NO;
				GCC_NO_COMMON_BLOCKS = YES;
				GCC_OPTIMIZATION_LEVEL = 0;
				GCC_PREPROCESSOR_DEFINITIONS = (
					"DEBUG=1",
					"$(inherited)",
				);
				GCC_SYMBOLS_PRIVATE_EXTERN = NO;
				GCC_WARN_64_TO_32_BIT_CONVERSION = YES;
				GCC_WARN_ABOUT_RETURN_TYPE = YES_ERROR;
				GCC_WARN_UNDECLARED_SELECTOR = YES;
				GCC_WARN_UNINITIALIZED_AUTOS = YES_AGGRESSIVE;
				GCC_WARN_UNUSED_FUNCTION = YES;
				GCC_WARN_UNUSED_VARIABLE = YES;
				IPHONEOS_DEPLOYMENT_TARGET = 8.3;
				MTL_ENABLE_DEBUG_INFO = YES;
				ONLY_ACTIVE_ARCH = YES;
				SDKROOT = iphoneos;
				TARGETED_DEVICE_FAMILY = "1,2";
			};
			name = Debug;
		};
		09D54C0C1AFECC5300FAA178 /* Release */ = {
			isa = XCBuildConfiguration;
			buildSettings = {
				ALWAYS_SEARCH_USER_PATHS = NO;
				CLANG_CXX_LANGUAGE_STANDARD = "gnu++0x";
				CLANG_CXX_LIBRARY = "libc++";
				CLANG_ENABLE_MODULES = YES;
				CLANG_ENABLE_OBJC_ARC = YES;
				CLANG_WARN_BOOL_CONVERSION = YES;
				CLANG_WARN_CONSTANT_CONVERSION = YES;
				CLANG_WARN_DIRECT_OBJC_ISA_USAGE = YES_ERROR;
				CLANG_WARN_EMPTY_BODY = YES;
				CLANG_WARN_ENUM_CONVERSION = YES;
				CLANG_WARN_INT_CONVERSION = YES;
				CLANG_WARN_OBJC_ROOT_CLASS = YES_ERROR;
				CLANG_WARN_UNREACHABLE_CODE = YES;
				CLANG_WARN__DUPLICATE_METHOD_MATCH = YES;
				"CODE_SIGN_IDENTITY[sdk=iphoneos*]" = "iPhone Developer";
				COPY_PHASE_STRIP = NO;
				DEBUG_INFORMATION_FORMAT = "dwarf-with-dsym";
				ENABLE_NS_ASSERTIONS = NO;
				ENABLE_STRICT_OBJC_MSGSEND = YES;
				GCC_C_LANGUAGE_STANDARD = gnu99;
				GCC_NO_COMMON_BLOCKS = YES;
				GCC_WARN_64_TO_32_BIT_CONVERSION = YES;
				GCC_WARN_ABOUT_RETURN_TYPE = YES_ERROR;
				GCC_WARN_UNDECLARED_SELECTOR = YES;
				GCC_WARN_UNINITIALIZED_AUTOS = YES_AGGRESSIVE;
				GCC_WARN_UNUSED_FUNCTION = YES;
				GCC_WARN_UNUSED_VARIABLE = YES;
				IPHONEOS_DEPLOYMENT_TARGET = 8.3;
				MTL_ENABLE_DEBUG_INFO = NO;
				SDKROOT = iphoneos;
				TARGETED_DEVICE_FAMILY = "1,2";
				VALIDATE_PRODUCT = YES;
			};
			name = Release;
		};
		09D54C0E1AFECC5300FAA178 /* Debug */ = {
			isa = XCBuildConfiguration;
			buildSettings = {
				ASSETCATALOG_COMPILER_APPICON_NAME = AppIcon;
				INFOPLIST_FILE = airfare/Info.plist;
				LD_RUNPATH_SEARCH_PATHS = "$(inherited) @executable_path/Frameworks";
				PRODUCT_NAME = "$(TARGET_NAME)";
			};
			name = Debug;
		};
		09D54C0F1AFECC5300FAA178 /* Release */ = {
			isa = XCBuildConfiguration;
			buildSettings = {
				ASSETCATALOG_COMPILER_APPICON_NAME = AppIcon;
				INFOPLIST_FILE = airfare/Info.plist;
				LD_RUNPATH_SEARCH_PATHS = "$(inherited) @executable_path/Frameworks";
				PRODUCT_NAME = "$(TARGET_NAME)";
			};
			name = Release;
		};
		09D54C111AFECC5300FAA178 /* Debug */ = {
			isa = XCBuildConfiguration;
			buildSettings = {
				BUNDLE_LOADER = "$(TEST_HOST)";
				FRAMEWORK_SEARCH_PATHS = (
					"$(SDKROOT)/Developer/Library/Frameworks",
					"$(inherited)",
				);
				GCC_PREPROCESSOR_DEFINITIONS = (
					"DEBUG=1",
					"$(inherited)",
				);
				INFOPLIST_FILE = airfareTests/Info.plist;
				LD_RUNPATH_SEARCH_PATHS = "$(inherited) @executable_path/Frameworks @loader_path/Frameworks";
				PRODUCT_NAME = "$(TARGET_NAME)";
				TEST_HOST = "$(BUILT_PRODUCTS_DIR)/airfare.app/airfare";
			};
			name = Debug;
		};
		09D54C121AFECC5300FAA178 /* Release */ = {
			isa = XCBuildConfiguration;
			buildSettings = {
				BUNDLE_LOADER = "$(TEST_HOST)";
				FRAMEWORK_SEARCH_PATHS = (
					"$(SDKROOT)/Developer/Library/Frameworks",
					"$(inherited)",
				);
				INFOPLIST_FILE = airfareTests/Info.plist;
				LD_RUNPATH_SEARCH_PATHS = "$(inherited) @executable_path/Frameworks @loader_path/Frameworks";
				PRODUCT_NAME = "$(TARGET_NAME)";
				TEST_HOST = "$(BUILT_PRODUCTS_DIR)/airfare.app/airfare";
			};
			name = Release;
		};
/* End XCBuildConfiguration section */

/* Begin XCConfigurationList section */
		09D54BE51AFECC5300FAA178 /* Build configuration list for PBXProject "airfare" */ = {
			isa = XCConfigurationList;
			buildConfigurations = (
				09D54C0B1AFECC5300FAA178 /* Debug */,
				09D54C0C1AFECC5300FAA178 /* Release */,
			);
			defaultConfigurationIsVisible = 0;
			defaultConfigurationName = Release;
		};
		09D54C0D1AFECC5300FAA178 /* Build configuration list for PBXNativeTarget "airfare" */ = {
			isa = XCConfigurationList;
			buildConfigurations = (
				09D54C0E1AFECC5300FAA178 /* Debug */,
				09D54C0F1AFECC5300FAA178 /* Release */,
			);
			defaultConfigurationIsVisible = 0;
		};
		09D54C101AFECC5300FAA178 /* Build configuration list for PBXNativeTarget "airfareTests" */ = {
			isa = XCConfigurationList;
			buildConfigurations = (
				09D54C111AFECC5300FAA178 /* Debug */,
				09D54C121AFECC5300FAA178 /* Release */,
			);
			defaultConfigurationIsVisible = 0;
		};
/* End XCConfigurationList section */
	};
	rootObject = 09D54BE21AFECC5300FAA178 /* Project object */;
}
